
Microsoft Visual Studio Solution File, Format Version 12.00
# Visual Studio Version 16
VisualStudioVersion = 16.0.29728.190
MinimumVisualStudioVersion = 10.0.40219.1
Project("{FAE04EC0-301F-11D3-BF4B-00C04F79EFBC}") = "StudentUnitTestOpgave", "StudentUnitTestOpgave\StudentUnitTestOpgave.csproj", "{26B51B5F-D943-48B2-93EF-57C259D911A6}"
EndProject
Project("{FAE04EC0-301F-11D3-BF4B-00C04F79EFBC}") = "StudentUnitTestOpgaveTests", "StudentUnitTestOpgaveTests\StudentUnitTestOpgaveTests.csproj", "{0DB6DB69-EC78-408E-A3F8-16154D74B717}"
EndProject
Global
	GlobalSection(SolutionConfigurationPlatforms) = preSolution
		Debug|Any CPU = Debug|Any CPU
		Release|Any CPU = Release|Any CPU
	EndGlobalSection
	GlobalSection(ProjectConfigurationPlatforms) = postSolution
		{26B51B5F-D943-48B2-93EF-57C259D911A6}.Debug|Any CPU.ActiveCfg = Debug|Any CPU
		{26B51B5F-D943-48B2-93EF-57C259D911A6}.Debug|Any CPU.Build.0 = Debug|Any CPU
		{26B51B5F-D943-48B2-93EF-57C259D911A6}.Release|Any CPU.ActiveCfg = Release|Any CPU
		{26B51B5F-D943-48B2-93EF-57C259D911A6}.Release|Any CPU.Build.0 = Release|Any CPU
		{0DB6DB69-EC78-408E-A3F8-16154D74B717}.Debug|Any CPU.ActiveCfg = Debug|Any CPU
		{0DB6DB69-EC78-408E-A3F8-16154D74B717}.Debug|Any CPU.Build.0 = Debug|Any CPU
		{0DB6DB69-EC78-408E-A3F8-16154D74B717}.Release|Any CPU.ActiveCfg = Release|Any CPU
		{0DB6DB69-EC78-408E-A3F8-16154D74B717}.Release|Any CPU.Build.0 = Release|Any CPU
	EndGlobalSection
	GlobalSection(SolutionProperties) = preSolution
		HideSolutionNode = FALSE
	EndGlobalSection
	GlobalSection(ExtensibilityGlobals) = postSolution
		SolutionGuid = {0CDEF8F3-2F4F-448C-A018-89D2CD645EEC}
	EndGlobalSection
EndGlobal
